
Microsoft Visual Studio Solution File, Format Version 12.00
# Visual Studio Version 16
VisualStudioVersion = 16.0.29613.14
MinimumVisualStudioVersion = 10.0.40219.1
Project("{FAE04EC0-301F-11D3-BF4B-00C04F79EFBC}") = "RentMe", "RentMe\RentMe.csproj", "{DD020213-E538-430E-B359-F0BF8450C4ED}"
EndProject
Project("{FAE04EC0-301F-11D3-BF4B-00C04F79EFBC}") = "RentMe.Tests", "RentMe.Tests\RentMe.Tests.csproj", "{69EF38AB-5BFF-45B3-A317-1FAA0E4016A7}"
EndProject
Global
	GlobalSection(SolutionConfigurationPlatforms) = preSolution
		Debug|Any CPU = Debug|Any CPU
		Release|Any CPU = Release|Any CPU
	EndGlobalSection
	GlobalSection(ProjectConfigurationPlatforms) = postSolution
		{DD020213-E538-430E-B359-F0BF8450C4ED}.Debug|Any CPU.ActiveCfg = Debug|Any CPU
		{DD020213-E538-430E-B359-F0BF8450C4ED}.Debug|Any CPU.Build.0 = Debug|Any CPU
		{DD020213-E538-430E-B359-F0BF8450C4ED}.Release|Any CPU.ActiveCfg = Release|Any CPU
		{DD020213-E538-430E-B359-F0BF8450C4ED}.Release|Any CPU.Build.0 = Release|Any CPU
		{69EF38AB-5BFF-45B3-A317-1FAA0E4016A7}.Debug|Any CPU.ActiveCfg = Debug|Any CPU
		{69EF38AB-5BFF-45B3-A317-1FAA0E4016A7}.Debug|Any CPU.Build.0 = Debug|Any CPU
		{69EF38AB-5BFF-45B3-A317-1FAA0E4016A7}.Release|Any CPU.ActiveCfg = Release|Any CPU
		{69EF38AB-5BFF-45B3-A317-1FAA0E4016A7}.Release|Any CPU.Build.0 = Release|Any CPU
	EndGlobalSection
	GlobalSection(SolutionProperties) = preSolution
		HideSolutionNode = FALSE
	EndGlobalSection
	GlobalSection(ExtensibilityGlobals) = postSolution
		SolutionGuid = {319BADA2-F53C-451F-BD5B-0A845900B9C2}
	EndGlobalSection
EndGlobal
